
Microsoft Visual Studio Solution File, Format Version 12.00
# Visual Studio 15
VisualStudioVersion = 15.0.28307.136
MinimumVisualStudioVersion = 10.0.40219.1
Project("{FAE04EC0-301F-11D3-BF4B-00C04F79EFBC}") = "TemplateASP", "TemplateASP\TemplateASP.csproj", "{C9603BDB-7642-4471-8BE7-91978B96E76E}"
EndProject
Global
	GlobalSection(SolutionConfigurationPlatforms) = preSolution
		Debug|Any CPU = Debug|Any CPU
		Release|Any CPU = Release|Any CPU
	EndGlobalSection
	GlobalSection(ProjectConfigurationPlatforms) = postSolution
		{C9603BDB-7642-4471-8BE7-91978B96E76E}.Debug|Any CPU.ActiveCfg = Debug|Any CPU
		{C9603BDB-7642-4471-8BE7-91978B96E76E}.Debug|Any CPU.Build.0 = Debug|Any CPU
		{C9603BDB-7642-4471-8BE7-91978B96E76E}.Release|Any CPU.ActiveCfg = Release|Any CPU
		{C9603BDB-7642-4471-8BE7-91978B96E76E}.Release|Any CPU.Build.0 = Release|Any CPU
	EndGlobalSection
	GlobalSection(SolutionProperties) = preSolution
		HideSolutionNode = FALSE
	EndGlobalSection
	GlobalSection(ExtensibilityGlobals) = postSolution
		SolutionGuid = {B803984F-C38B-4817-8FAE-D79DDECF3516}
	EndGlobalSection
EndGlobal
